{
    "_readme": [
        "This file locks the dependencies of your project to a known state",
        "Read more about it at https://getcomposer.org/doc/01-basic-usage.md#installing-dependencies",
        "This file is @generated automatically"
    ],
    "content-hash": "76aa8f868c1222ade902d2fcb7704737",
    "packages": [
        {
            "name": "strukt/event",
            "version": "dev-master",
            "source": {
                "type": "git",
                "url": "https://github.com/samweru/strukt-event.git",
                "reference": "66b4012e035d6ebfab48027b0f532db70a0381cf"
            },
            "dist": {
                "type": "zip",
                "url": "https://api.github.com/repos/samweru/strukt-event/zipball/66b4012e035d6ebfab48027b0f532db70a0381cf",
                "reference": "66b4012e035d6ebfab48027b0f532db70a0381cf",
                "shasum": ""
            },
            "require": {
                "php": ">=7.4"
            },
            "default-branch": true,
            "type": "package",
            "autoload": {
                "psr-0": {
                    "Strukt\\": "src/"
                }
            },
            "notification-url": "https://packagist.org/downloads/",
            "license": [
                "MIT"
            ],
            "authors": [
                {
                    "name": "samweru",
                    "email": "pitsolu@gmail.com"
                }
            ],
            "description": "No event loop included!",
            "support": {
                "issues": "https://github.com/samweru/strukt-event/issues",
                "source": "https://github.com/samweru/strukt-event/tree/master"
            },
            "time": "2022-05-11T17:28:02+00:00"
        }
    ],
    "packages-dev": [],
    "aliases": [],
    "minimum-stability": "dev",
    "stability-flags": {
        "strukt/event": 20
    },
    "prefer-stable": false,
    "prefer-lowest": false,
    "platform": [],
    "platform-dev": [],
    "plugin-api-version": "2.3.0"
}
